// !$*UTF8*$!
{
	archiveVersion = 1;
	classes = {
	};
	objectVersion = 51;
	objects = {

/* Begin PBXBuildFile section */
		25F22030501ED33FECDA11EF /* Pods_playGroundTest.framework in Frameworks */ = {isa = PBXBuildFile; fileRef = 01E5A78E7BD402FCE59C9748 /* Pods_playGroundTest.framework */; };
		B3668ACC26AE5EA50037EF65 /* AppDelegate.swift in Sources */ = {isa = PBXBuildFile; fileRef = B3668ACB26AE5EA50037EF65 /* AppDelegate.swift */; };
		B3668AD026AE5EA50037EF65 /* ContentView.swift in Sources */ = {isa = PBXBuildFile; fileRef = B3668ACF26AE5EA50037EF65 /* ContentView.swift */; };
		B3668AD226AE5EA70037EF65 /* Assets.xcassets in Resources */ = {isa = PBXBuildFile; fileRef = B3668AD126AE5EA70037EF65 /* Assets.xcassets */; };
		B3668AD526AE5EA70037EF65 /* Preview Assets.xcassets in Resources */ = {isa = PBXBuildFile; fileRef = B3668AD426AE5EA70037EF65 /* Preview Assets.xcassets */; };
		B3668AD826AE5EA70037EF65 /* LaunchScreen.storyboard in Resources */ = {isa = PBXBuildFile; fileRef = B3668AD626AE5EA70037EF65 /* LaunchScreen.storyboard */; };
		B3668AE726AE95CC0037EF65 /* acknowledge.csv in Resources */ = {isa = PBXBuildFile; fileRef = B3668AE626AE95CC0037EF65 /* acknowledge.csv */; };
		B3668AE926AEAFA60037EF65 /* myViewController.swift in Sources */ = {isa = PBXBuildFile; fileRef = B3668AE826AEAFA60037EF65 /* myViewController.swift */; };
		B3668B6626BBBAEF0037EF65 /* RichTextView.swift in Sources */ = {isa = PBXBuildFile; fileRef = B3668B6526BBBAEF0037EF65 /* RichTextView.swift */; };
		B3668B6826BBC0AF0037EF65 /* ParsingError.swift in Sources */ = {isa = PBXBuildFile; fileRef = B3668B6726BBC0AF0037EF65 /* ParsingError.swift */; };
		B3668B6A26BBC2D70037EF65 /* RichTextParser.swift in Sources */ = {isa = PBXBuildFile; fileRef = B3668B6926BBC2D70037EF65 /* RichTextParser.swift */; };
		B3668B6C26BBC3D30037EF65 /* latexParserProtocol.swift in Sources */ = {isa = PBXBuildFile; fileRef = B3668B6B26BBC3D30037EF65 /* latexParserProtocol.swift */; };
		B3668B6E26BBE0800037EF65 /* RichDataType.swift in Sources */ = {isa = PBXBuildFile; fileRef = B3668B6D26BBE0800037EF65 /* RichDataType.swift */; };
		B3668B7026BD0DF60037EF65 /* NSMutableAttributedStringExtension.swift in Sources */ = {isa = PBXBuildFile; fileRef = B3668B6F26BD0DF60037EF65 /* NSMutableAttributedStringExtension.swift */; };
		B3668B7226BD367D0037EF65 /* UITextViewGenerator.swift in Sources */ = {isa = PBXBuildFile; fileRef = B3668B7126BD367D0037EF65 /* UITextViewGenerator.swift */; };
		B3668B7426BD3EB60037EF65 /* StringExtension.swift in Sources */ = {isa = PBXBuildFile; fileRef = B3668B7326BD3EB60037EF65 /* StringExtension.swift */; };
/* End PBXBuildFile section */

/* Begin PBXFileReference section */
		01E5A78E7BD402FCE59C9748 /* Pods_playGroundTest.framework */ = {isa = PBXFileReference; explicitFileType = wrapper.framework; includeInIndex = 0; path = Pods_playGroundTest.framework; sourceTree = BUILT_PRODUCTS_DIR; };
		0DEAE5B2BB1AE72371A9BF8B /* Pods-playGroundTest.release.xcconfig */ = {isa = PBXFileReference; includeInIndex = 1; lastKnownFileType = text.xcconfig; name = "Pods-playGroundTest.release.xcconfig"; path = "Target Support Files/Pods-playGroundTest/Pods-playGroundTest.release.xcconfig"; sourceTree = "<group>"; };
		5542E446968352C116F9AFEB /* Pods-playGroundTest.debug.xcconfig */ = {isa = PBXFileReference; includeInIndex = 1; lastKnownFileType = text.xcconfig; name = "Pods-playGroundTest.debug.xcconfig"; path = "Target Support Files/Pods-playGroundTest/Pods-playGroundTest.debug.xcconfig"; sourceTree = "<group>"; };
		B3668AC826AE5EA50037EF65 /* playGroundTest.app */ = {isa = PBXFileReference; explicitFileType = wrapper.application; includeInIndex = 0; path = playGroundTest.app; sourceTree = BUILT_PRODUCTS_DIR; };
		B3668ACB26AE5EA50037EF65 /* AppDelegate.swift */ = {isa = PBXFileReference; lastKnownFileType = sourcecode.swift; path = AppDelegate.swift; sourceTree = "<group>"; };
		B3668ACF26AE5EA50037EF65 /* ContentView.swift */ = {isa = PBXFileReference; lastKnownFileType = sourcecode.swift; path = ContentView.swift; sourceTree = "<group>"; };
		B3668AD126AE5EA70037EF65 /* Assets.xcassets */ = {isa = PBXFileReference; lastKnownFileType = folder.assetcatalog; path = Assets.xcassets; sourceTree = "<group>"; };
		B3668AD426AE5EA70037EF65 /* Preview Assets.xcassets */ = {isa = PBXFileReference; lastKnownFileType = folder.assetcatalog; path = "Preview Assets.xcassets"; sourceTree = "<group>"; };
		B3668AD726AE5EA70037EF65 /* Base */ = {isa = PBXFileReference; lastKnownFileType = file.storyboard; name = Base; path = Base.lproj/LaunchScreen.storyboard; sourceTree = "<group>"; };
		B3668AD926AE5EA70037EF65 /* Info.plist */ = {isa = PBXFileReference; lastKnownFileType = text.plist.xml; path = Info.plist; sourceTree = "<group>"; };
		B3668ADF26AE5EC90037EF65 /* MyPlayground2.playground */ = {isa = PBXFileReference; lastKnownFileType = file.playground; name = MyPlayground2.playground; path = ../../MyPlayground2.playground; sourceTree = "<group>"; xcLanguageSpecificationIdentifier = xcode.lang.swift; };
		B3668AE626AE95CC0037EF65 /* acknowledge.csv */ = {isa = PBXFileReference; fileEncoding = 4; lastKnownFileType = text; path = acknowledge.csv; sourceTree = "<group>"; };
		B3668AE826AEAFA60037EF65 /* myViewController.swift */ = {isa = PBXFileReference; lastKnownFileType = sourcecode.swift; path = myViewController.swift; sourceTree = "<group>"; };
		B3668B6526BBBAEF0037EF65 /* RichTextView.swift */ = {isa = PBXFileReference; lastKnownFileType = sourcecode.swift; path = RichTextView.swift; sourceTree = "<group>"; };
		B3668B6726BBC0AF0037EF65 /* ParsingError.swift */ = {isa = PBXFileReference; lastKnownFileType = sourcecode.swift; path = ParsingError.swift; sourceTree = "<group>"; };
		B3668B6926BBC2D70037EF65 /* RichTextParser.swift */ = {isa = PBXFileReference; lastKnownFileType = sourcecode.swift; path = RichTextParser.swift; sourceTree = "<group>"; };
		B3668B6B26BBC3D30037EF65 /* latexParserProtocol.swift */ = {isa = PBXFileReference; lastKnownFileType = sourcecode.swift; path = latexParserProtocol.swift; sourceTree = "<group>"; };
		B3668B6D26BBE0800037EF65 /* RichDataType.swift */ = {isa = PBXFileReference; lastKnownFileType = sourcecode.swift; path = RichDataType.swift; sourceTree = "<group>"; };
		B3668B6F26BD0DF60037EF65 /* NSMutableAttributedStringExtension.swift */ = {isa = PBXFileReference; lastKnownFileType = sourcecode.swift; path = NSMutableAttributedStringExtension.swift; sourceTree = "<group>"; };
		B3668B7126BD367D0037EF65 /* UITextViewGenerator.swift */ = {isa = PBXFileReference; lastKnownFileType = sourcecode.swift; path = UITextViewGenerator.swift; sourceTree = "<group>"; };
		B3668B7326BD3EB60037EF65 /* StringExtension.swift */ = {isa = PBXFileReference; lastKnownFileType = sourcecode.swift; path = StringExtension.swift; sourceTree = "<group>"; };
/* End PBXFileReference section */

/* Begin PBXFrameworksBuildPhase section */
		B3668AC526AE5EA50037EF65 /* Frameworks */ = {
			isa = PBXFrameworksBuildPhase;
			buildActionMask = 2147483647;
			files = (
				25F22030501ED33FECDA11EF /* Pods_playGroundTest.framework in Frameworks */,
			);
			runOnlyForDeploymentPostprocessing = 0;
		};
/* End PBXFrameworksBuildPhase section */

/* Begin PBXGroup section */
		B3668ABF26AE5EA50037EF65 = {
			isa = PBXGroup;
			children = (
				B3668ACA26AE5EA50037EF65 /* playGroundTest */,
				F6FE17B64D390B95C70062B5 /* Pods */,
				BD5BFF447BF57E80778D8CAD /* Frameworks */,
			);
			sourceTree = "<group>";
		};
		B3668AC926AE5EA50037EF65 /* Products */ = {
			isa = PBXGroup;
			children = (
				B3668AC826AE5EA50037EF65 /* playGroundTest.app */,
			);
			name = Products;
			path = ..;
			sourceTree = "<group>";
		};
		B3668ACA26AE5EA50037EF65 /* playGroundTest */ = {
			isa = PBXGroup;
			children = (
				B3668ACB26AE5EA50037EF65 /* AppDelegate.swift */,
				B3668AE826AEAFA60037EF65 /* myViewController.swift */,
				B3668AE626AE95CC0037EF65 /* acknowledge.csv */,
				B3668B6726BBC0AF0037EF65 /* ParsingError.swift */,
				B3668ACF26AE5EA50037EF65 /* ContentView.swift */,
				B3668B6526BBBAEF0037EF65 /* RichTextView.swift */,
				B3668B6B26BBC3D30037EF65 /* latexParserProtocol.swift */,
				B3668B6D26BBE0800037EF65 /* RichDataType.swift */,
				B3668B6926BBC2D70037EF65 /* RichTextParser.swift */,
				B3668B7326BD3EB60037EF65 /* StringExtension.swift */,
				B3668AC926AE5EA50037EF65 /* Products */,
				B3668ADF26AE5EC90037EF65 /* MyPlayground2.playground */,
				B3668AD126AE5EA70037EF65 /* Assets.xcassets */,
				B3668AD626AE5EA70037EF65 /* LaunchScreen.storyboard */,
				B3668AD926AE5EA70037EF65 /* Info.plist */,
				B3668AD326AE5EA70037EF65 /* Preview Content */,
				B3668B6F26BD0DF60037EF65 /* NSMutableAttributedStringExtension.swift */,
				B3668B7126BD367D0037EF65 /* UITextViewGenerator.swift */,
			);
			path = playGroundTest;
			sourceTree = "<group>";
		};
		B3668AD326AE5EA70037EF65 /* Preview Content */ = {
			isa = PBXGroup;
			children = (
				B3668AD426AE5EA70037EF65 /* Preview Assets.xcassets */,
			);
			path = "Preview Content";
			sourceTree = "<group>";
		};
		BD5BFF447BF57E80778D8CAD /* Frameworks */ = {
			isa = PBXGroup;
			children = (
				01E5A78E7BD402FCE59C9748 /* Pods_playGroundTest.framework */,
			);
			name = Frameworks;
			sourceTree = "<group>";
		};
		F6FE17B64D390B95C70062B5 /* Pods */ = {
			isa = PBXGroup;
			children = (
				5542E446968352C116F9AFEB /* Pods-playGroundTest.debug.xcconfig */,
				0DEAE5B2BB1AE72371A9BF8B /* Pods-playGroundTest.release.xcconfig */,
			);
			path = Pods;
			sourceTree = "<group>";
		};
/* End PBXGroup section */

/* Begin PBXNativeTarget section */
		B3668AC726AE5EA50037EF65 /* playGroundTest */ = {
			isa = PBXNativeTarget;
			buildConfigurationList = B3668ADC26AE5EA70037EF65 /* Build configuration list for PBXNativeTarget "playGroundTest" */;
			buildPhases = (
				3F4534B81850617BF60F887C /* [CP] Check Pods Manifest.lock */,
				B3668AC426AE5EA50037EF65 /* Sources */,
				B3668AC526AE5EA50037EF65 /* Frameworks */,
				B3668AC626AE5EA50037EF65 /* Resources */,
				2E6FC2F6AC9072F6495461CE /* [CP] Embed Pods Frameworks */,
			);
			buildRules = (
			);
			dependencies = (
			);
			name = playGroundTest;
			productName = playGroundTest;
			productReference = B3668AC826AE5EA50037EF65 /* playGroundTest.app */;
			productType = "com.apple.product-type.application";
		};
/* End PBXNativeTarget section */

/* Begin PBXProject section */
		B3668AC026AE5EA50037EF65 /* Project object */ = {
			isa = PBXProject;
			attributes = {
				LastSwiftUpdateCheck = 1250;
				LastUpgradeCheck = 1250;
				TargetAttributes = {
					B3668AC726AE5EA50037EF65 = {
						CreatedOnToolsVersion = 12.5.1;
					};
				};
			};
			buildConfigurationList = B3668AC326AE5EA50037EF65 /* Build configuration list for PBXProject "playGroundTest" */;
			compatibilityVersion = "Xcode 9.3";
			developmentRegion = en;
			hasScannedForEncodings = 0;
			knownRegions = (
				en,
				Base,
			);
			mainGroup = B3668ABF26AE5EA50037EF65;
			productRefGroup = B3668AC926AE5EA50037EF65 /* Products */;
			projectDirPath = "";
			projectRoot = "";
			targets = (
				B3668AC726AE5EA50037EF65 /* playGroundTest */,
			);
		};
/* End PBXProject section */

/* Begin PBXResourcesBuildPhase section */
		B3668AC626AE5EA50037EF65 /* Resources */ = {
			isa = PBXResourcesBuildPhase;
			buildActionMask = 2147483647;
			files = (
				B3668AD826AE5EA70037EF65 /* LaunchScreen.storyboard in Resources */,
				B3668AE726AE95CC0037EF65 /* acknowledge.csv in Resources */,
				B3668AD526AE5EA70037EF65 /* Preview Assets.xcassets in Resources */,
				B3668AD226AE5EA70037EF65 /* Assets.xcassets in Resources */,
			);
			runOnlyForDeploymentPostprocessing = 0;
		};
/* End PBXResourcesBuildPhase section */

/* Begin PBXShellScriptBuildPhase section */
		2E6FC2F6AC9072F6495461CE /* [CP] Embed Pods Frameworks */ = {
			isa = PBXShellScriptBuildPhase;
			buildActionMask = 2147483647;
			files = (
			);
			inputFileListPaths = (
				"${PODS_ROOT}/Target Support Files/Pods-playGroundTest/Pods-playGroundTest-frameworks-${CONFIGURATION}-input-files.xcfilelist",
			);
			name = "[CP] Embed Pods Frameworks";
			outputFileListPaths = (
				"${PODS_ROOT}/Target Support Files/Pods-playGroundTest/Pods-playGroundTest-frameworks-${CONFIGURATION}-output-files.xcfilelist",
			);
			runOnlyForDeploymentPostprocessing = 0;
			shellPath = /bin/sh;
			shellScript = "\"${PODS_ROOT}/Target Support Files/Pods-playGroundTest/Pods-playGroundTest-frameworks.sh\"\n";
			showEnvVarsInLog = 0;
		};
		3F4534B81850617BF60F887C /* [CP] Check Pods Manifest.lock */ = {
			isa = PBXShellScriptBuildPhase;
			buildActionMask = 2147483647;
			files = (
			);
			inputFileListPaths = (
			);
			inputPaths = (
				"${PODS_PODFILE_DIR_PATH}/Podfile.lock",
				"${PODS_ROOT}/Manifest.lock",
			);
			name = "[CP] Check Pods Manifest.lock";
			outputFileListPaths = (
			);
			outputPaths = (
				"$(DERIVED_FILE_DIR)/Pods-playGroundTest-checkManifestLockResult.txt",
			);
			runOnlyForDeploymentPostprocessing = 0;
			shellPath = /bin/sh;
			shellScript = "diff \"${PODS_PODFILE_DIR_PATH}/Podfile.lock\" \"${PODS_ROOT}/Manifest.lock\" > /dev/null\nif [ $? != 0 ] ; then\n    # print error to STDERR\n    echo \"error: The sandbox is not in sync with the Podfile.lock. Run 'pod install' or update your CocoaPods installation.\" >&2\n    exit 1\nfi\n# This output is used by Xcode 'outputs' to avoid re-running this script phase.\necho \"SUCCESS\" > \"${SCRIPT_OUTPUT_FILE_0}\"\n";
			showEnvVarsInLog = 0;
		};
/* End PBXShellScriptBuildPhase section */

/* Begin PBXSourcesBuildPhase section */
		B3668AC426AE5EA50037EF65 /* Sources */ = {
			isa = PBXSourcesBuildPhase;
			buildActionMask = 2147483647;
			files = (
				B3668ACC26AE5EA50037EF65 /* AppDelegate.swift in Sources */,
				B3668AE926AEAFA60037EF65 /* myViewController.swift in Sources */,
				B3668B7026BD0DF60037EF65 /* NSMutableAttributedStringExtension.swift in Sources */,
				B3668B7226BD367D0037EF65 /* UITextViewGenerator.swift in Sources */,
				B3668AD026AE5EA50037EF65 /* ContentView.swift in Sources */,
				B3668B6C26BBC3D30037EF65 /* latexParserProtocol.swift in Sources */,
				B3668B6626BBBAEF0037EF65 /* RichTextView.swift in Sources */,
				B3668B6826BBC0AF0037EF65 /* ParsingError.swift in Sources */,
				B3668B6A26BBC2D70037EF65 /* RichTextParser.swift in Sources */,
				B3668B7426BD3EB60037EF65 /* StringExtension.swift in Sources */,
				B3668B6E26BBE0800037EF65 /* RichDataType.swift in Sources */,
			);
			runOnlyForDeploymentPostprocessing = 0;
		};
/* End PBXSourcesBuildPhase section */

/* Begin PBXVariantGroup section */
		B3668AD626AE5EA70037EF65 /* LaunchScreen.storyboard */ = {
			isa = PBXVariantGroup;
			children = (
				B3668AD726AE5EA70037EF65 /* Base */,
			);
			name = LaunchScreen.storyboard;
			sourceTree = "<group>";
		};
/* End PBXVariantGroup section */

/* Begin XCBuildConfiguration section */
		B3668ADA26AE5EA70037EF65 /* Debug */ = {
			isa = XCBuildConfiguration;
			buildSettings = {
				ALWAYS_SEARCH_USER_PATHS = NO;
				CLANG_ANALYZER_NONNULL = YES;
				CLANG_ANALYZER_NUMBER_OBJECT_CONVERSION = YES_AGGRESSIVE;
				CLANG_CXX_LANGUAGE_STANDARD = "gnu++14";
				CLANG_CXX_LIBRARY = "libc++";
				CLANG_ENABLE_MODULES = YES;
				CLANG_ENABLE_OBJC_ARC = YES;
				CLANG_ENABLE_OBJC_WEAK = YES;
				CLANG_WARN_BLOCK_CAPTURE_AUTORELEASING = YES;
				CLANG_WARN_BOOL_CONVERSION = YES;
				CLANG_WARN_COMMA = YES;
				CLANG_WARN_CONSTANT_CONVERSION = YES;
				CLANG_WARN_DEPRECATED_OBJC_IMPLEMENTATIONS = YES;
				CLANG_WARN_DIRECT_OBJC_ISA_USAGE = YES_ERROR;
				CLANG_WARN_DOCUMENTATION_COMMENTS = YES;
				CLANG_WARN_EMPTY_BODY = YES;
				CLANG_WARN_ENUM_CONVERSION = YES;
				CLANG_WARN_INFINITE_RECURSION = YES;
				CLANG_WARN_INT_CONVERSION = YES;
				CLANG_WARN_NON_LITERAL_NULL_CONVERSION = YES;
				CLANG_WARN_OBJC_IMPLICIT_RETAIN_SELF = YES;
				CLANG_WARN_OBJC_LITERAL_CONVERSION = YES;
				CLANG_WARN_OBJC_ROOT_CLASS = YES_ERROR;
				CLANG_WARN_QUOTED_INCLUDE_IN_FRAMEWORK_HEADER = YES;
				CLANG_WARN_RANGE_LOOP_ANALYSIS = YES;
				CLANG_WARN_STRICT_PROTOTYPES = YES;
				CLANG_WARN_SUSPICIOUS_MOVE = YES;
				CLANG_WARN_UNGUARDED_AVAILABILITY = YES_AGGRESSIVE;
				CLANG_WARN_UNREACHABLE_CODE = YES;
				CLANG_WARN__DUPLICATE_METHOD_MATCH = YES;
				COPY_PHASE_STRIP = NO;
				DEBUG_INFORMATION_FORMAT = dwarf;
				ENABLE_STRICT_OBJC_MSGSEND = YES;
				ENABLE_TESTABILITY = YES;
				GCC_C_LANGUAGE_STANDARD = gnu11;
				GCC_DYNAMIC_NO_PIC = NO;
				GCC_NO_COMMON_BLOCKS = YES;
				GCC_OPTIMIZATION_LEVEL = 0;
				GCC_PREPROCESSOR_DEFINITIONS = (
					"DEBUG=1",
					"$(inherited)",
				);
				GCC_WARN_64_TO_32_BIT_CONVERSION = YES;
				GCC_WARN_ABOUT_RETURN_TYPE = YES_ERROR;
				GCC_WARN_UNDECLARED_SELECTOR = YES;
				GCC_WARN_UNINITIALIZED_AUTOS = YES_AGGRESSIVE;
				GCC_WARN_UNUSED_FUNCTION = YES;
				GCC_WARN_UNUSED_VARIABLE = YES;
				IPHONEOS_DEPLOYMENT_TARGET = 14.5;
				MTL_ENABLE_DEBUG_INFO = INCLUDE_SOURCE;
				MTL_FAST_MATH = YES;
				ONLY_ACTIVE_ARCH = YES;
				SDKROOT = iphoneos;
				SWIFT_ACTIVE_COMPILATION_CONDITIONS = DEBUG;
				SWIFT_OPTIMIZATION_LEVEL = "-Onone";
			};
			name = Debug;
		};
		B3668ADB26AE5EA70037EF65 /* Release */ = {
			isa = XCBuildConfiguration;
			buildSettings = {
				ALWAYS_SEARCH_USER_PATHS = NO;
				CLANG_ANALYZER_NONNULL = YES;
				CLANG_ANALYZER_NUMBER_OBJECT_CONVERSION = YES_AGGRESSIVE;
				CLANG_CXX_LANGUAGE_STANDARD = "gnu++14";
				CLANG_CXX_LIBRARY = "libc++";
				CLANG_ENABLE_MODULES = YES;
				CLANG_ENABLE_OBJC_ARC = YES;
				CLANG_ENABLE_OBJC_WEAK = YES;
				CLANG_WARN_BLOCK_CAPTURE_AUTORELEASING = YES;
				CLANG_WARN_BOOL_CONVERSION = YES;
				CLANG_WARN_COMMA = YES;
				CLANG_WARN_CONSTANT_CONVERSION = YES;
				CLANG_WARN_DEPRECATED_OBJC_IMPLEMENTATIONS = YES;
				CLANG_WARN_DIRECT_OBJC_ISA_USAGE = YES_ERROR;
				CLANG_WARN_DOCUMENTATION_COMMENTS = YES;
				CLANG_WARN_EMPTY_BODY = YES;
				CLANG_WARN_ENUM_CONVERSION = YES;
				CLANG_WARN_INFINITE_RECURSION = YES;
				CLANG_WARN_INT_CONVERSION = YES;
				CLANG_WARN_NON_LITERAL_NULL_CONVERSION = YES;
				CLANG_WARN_OBJC_IMPLICIT_RETAIN_SELF = YES;
				CLANG_WARN_OBJC_LITERAL_CONVERSION = YES;
				CLANG_WARN_OBJC_ROOT_CLASS = YES_ERROR;
				CLANG_WARN_QUOTED_INCLUDE_IN_FRAMEWORK_HEADER = YES;
				CLANG_WARN_RANGE_LOOP_ANALYSIS = YES;
				CLANG_WARN_STRICT_PROTOTYPES = YES;
				CLANG_WARN_SUSPICIOUS_MOVE = YES;
				CLANG_WARN_UNGUARDED_AVAILABILITY = YES_AGGRESSIVE;
				CLANG_WARN_UNREACHABLE_CODE = YES;
				CLANG_WARN__DUPLICATE_METHOD_MATCH = YES;
				COPY_PHASE_STRIP = NO;
				DEBUG_INFORMATION_FORMAT = "dwarf-with-dsym";
				ENABLE_NS_ASSERTIONS = NO;
				ENABLE_STRICT_OBJC_MSGSEND = YES;
				GCC_C_LANGUAGE_STANDARD = gnu11;
				GCC_NO_COMMON_BLOCKS = YES;
				GCC_WARN_64_TO_32_BIT_CONVERSION = YES;
				GCC_WARN_ABOUT_RETURN_TYPE = YES_ERROR;
				GCC_WARN_UNDECLARED_SELECTOR = YES;
				GCC_WARN_UNINITIALIZED_AUTOS = YES_AGGRESSIVE;
				GCC_WARN_UNUSED_FUNCTION = YES;
				GCC_WARN_UNUSED_VARIABLE = YES;
				IPHONEOS_DEPLOYMENT_TARGET = 14.5;
				MTL_ENABLE_DEBUG_INFO = NO;
				MTL_FAST_MATH = YES;
				SDKROOT = iphoneos;
				SWIFT_COMPILATION_MODE = wholemodule;
				SWIFT_OPTIMIZATION_LEVEL = "-O";
				VALIDATE_PRODUCT = YES;
			};
			name = Release;
		};
		B3668ADD26AE5EA70037EF65 /* Debug */ = {
			isa = XCBuildConfiguration;
			baseConfigurationReference = 5542E446968352C116F9AFEB /* Pods-playGroundTest.debug.xcconfig */;
			buildSettings = {
				ASSETCATALOG_COMPILER_APPICON_NAME = AppIcon;
				ASSETCATALOG_COMPILER_GLOBAL_ACCENT_COLOR_NAME = AccentColor;
				CODE_SIGN_STYLE = Automatic;
				DEVELOPMENT_ASSET_PATHS = "\"playGroundTest/Preview Content\"";
				ENABLE_PREVIEWS = YES;
				INFOPLIST_FILE = playGroundTest/Info.plist;
				LD_RUNPATH_SEARCH_PATHS = (
					"$(inherited)",
					"@executable_path/Frameworks",
				);
				PRODUCT_BUNDLE_IDENTIFIER = com.yuanfudao.zhao.playGroundTest;
				PRODUCT_NAME = "$(TARGET_NAME)";
				SWIFT_VERSION = 5.0;
				TARGETED_DEVICE_FAMILY = "1,2";
			};
			name = Debug;
		};
		B3668ADE26AE5EA70037EF65 /* Release */ = {
			isa = XCBuildConfiguration;
			baseConfigurationReference = 0DEAE5B2BB1AE72371A9BF8B /* Pods-playGroundTest.release.xcconfig */;
			buildSettings = {
				ASSETCATALOG_COMPILER_APPICON_NAME = AppIcon;
				ASSETCATALOG_COMPILER_GLOBAL_ACCENT_COLOR_NAME = AccentColor;
				CODE_SIGN_STYLE = Automatic;
				DEVELOPMENT_ASSET_PATHS = "\"playGroundTest/Preview Content\"";
				ENABLE_PREVIEWS = YES;
				INFOPLIST_FILE = playGroundTest/Info.plist;
				LD_RUNPATH_SEARCH_PATHS = (
					"$(inherited)",
					"@executable_path/Frameworks",
				);
				PRODUCT_BUNDLE_IDENTIFIER = com.yuanfudao.zhao.playGroundTest;
				PRODUCT_NAME = "$(TARGET_NAME)";
				SWIFT_VERSION = 5.0;
				TARGETED_DEVICE_FAMILY = "1,2";
			};
			name = Release;
		};
/* End XCBuildConfiguration section */

/* Begin XCConfigurationList section */
		B3668AC326AE5EA50037EF65 /* Build configuration list for PBXProject "playGroundTest" */ = {
			isa = XCConfigurationList;
			buildConfigurations = (
				B3668ADA26AE5EA70037EF65 /* Debug */,
				B3668ADB26AE5EA70037EF65 /* Release */,
			);
			defaultConfigurationIsVisible = 0;
			defaultConfigurationName = Release;
		};
		B3668ADC26AE5EA70037EF65 /* Build configuration list for PBXNativeTarget "playGroundTest" */ = {
			isa = XCConfigurationList;
			buildConfigurations = (
				B3668ADD26AE5EA70037EF65 /* Debug */,
				B3668ADE26AE5EA70037EF65 /* Release */,
			);
			defaultConfigurationIsVisible = 0;
			defaultConfigurationName = Release;
		};
/* End XCConfigurationList section */
	};
	rootObject = B3668AC026AE5EA50037EF65 /* Project object */;
}
